// !$*UTF8*$!
{
	archiveVersion = 1;
	classes = {
	};
	objectVersion = 50;
	objects = {

/* Begin PBXBuildFile section */
		C2431A22222966A7004496E3 /* Calculator.swift in Sources */ = {isa = PBXBuildFile; fileRef = C2431A21222966A7004496E3 /* Calculator.swift */; };
		C285711E22AEF19D00BE321E /* CalculatorError.swift in Sources */ = {isa = PBXBuildFile; fileRef = C285711D22AEF19D00BE321E /* CalculatorError.swift */; };
		C285712022AEF67300BE321E /* Operator.swift in Sources */ = {isa = PBXBuildFile; fileRef = C285711F22AEF67300BE321E /* Operator.swift */; };
		C2E81692221AC35500E516DF /* AppDelegate.swift in Sources */ = {isa = PBXBuildFile; fileRef = C2E81691221AC35500E516DF /* AppDelegate.swift */; };
		C2E81694221AC35500E516DF /* ViewController.swift in Sources */ = {isa = PBXBuildFile; fileRef = C2E81693221AC35500E516DF /* ViewController.swift */; };
		C2E81697221AC35500E516DF /* Main.storyboard in Resources */ = {isa = PBXBuildFile; fileRef = C2E81695221AC35500E516DF /* Main.storyboard */; };
		C2E81699221AC35600E516DF /* Assets.xcassets in Resources */ = {isa = PBXBuildFile; fileRef = C2E81698221AC35600E516DF /* Assets.xcassets */; };
		C2E8169C221AC35600E516DF /* LaunchScreen.storyboard in Resources */ = {isa = PBXBuildFile; fileRef = C2E8169A221AC35600E516DF /* LaunchScreen.storyboard */; };
		C2E816A7221AC35600E516DF /* CountOnMeTests.swift in Sources */ = {isa = PBXBuildFile; fileRef = C2E816A6221AC35600E516DF /* CountOnMeTests.swift */; };
		C2E816B2221AC35600E516DF /* CountOnMeUITests.swift in Sources */ = {isa = PBXBuildFile; fileRef = C2E816B1221AC35600E516DF /* CountOnMeUITests.swift */; };
/* End PBXBuildFile section */

/* Begin PBXContainerItemProxy section */
		C2E816A3221AC35600E516DF /* PBXContainerItemProxy */ = {
			isa = PBXContainerItemProxy;
			containerPortal = C2E81686221AC35500E516DF /* Project object */;
			proxyType = 1;
			remoteGlobalIDString = C2E8168D221AC35500E516DF;
			remoteInfo = CountOnMe;
		};
		C2E816AE221AC35600E516DF /* PBXContainerItemProxy */ = {
			isa = PBXContainerItemProxy;
			containerPortal = C2E81686221AC35500E516DF /* Project object */;
			proxyType = 1;
			remoteGlobalIDString = C2E8168D221AC35500E516DF;
			remoteInfo = CountOnMe;
		};
/* End PBXContainerItemProxy section */

/* Begin PBXFileReference section */
		C2431A21222966A7004496E3 /* Calculator.swift */ = {isa = PBXFileReference; lastKnownFileType = sourcecode.swift; path = Calculator.swift; sourceTree = "<group>"; };
		C285711D22AEF19D00BE321E /* CalculatorError.swift */ = {isa = PBXFileReference; lastKnownFileType = sourcecode.swift; path = CalculatorError.swift; sourceTree = "<group>"; };
		C285711F22AEF67300BE321E /* Operator.swift */ = {isa = PBXFileReference; lastKnownFileType = sourcecode.swift; path = Operator.swift; sourceTree = "<group>"; };
		C2E8168E221AC35500E516DF /* CountOnMe.app */ = {isa = PBXFileReference; explicitFileType = wrapper.application; includeInIndex = 0; path = CountOnMe.app; sourceTree = BUILT_PRODUCTS_DIR; };
		C2E81691221AC35500E516DF /* AppDelegate.swift */ = {isa = PBXFileReference; lastKnownFileType = sourcecode.swift; path = AppDelegate.swift; sourceTree = "<group>"; };
		C2E81693221AC35500E516DF /* ViewController.swift */ = {isa = PBXFileReference; lastKnownFileType = sourcecode.swift; path = ViewController.swift; sourceTree = "<group>"; };
		C2E81696221AC35500E516DF /* Base */ = {isa = PBXFileReference; lastKnownFileType = file.storyboard; name = Base; path = Base.lproj/Main.storyboard; sourceTree = "<group>"; };
		C2E81698221AC35600E516DF /* Assets.xcassets */ = {isa = PBXFileReference; lastKnownFileType = folder.assetcatalog; path = Assets.xcassets; sourceTree = "<group>"; };
		C2E8169B221AC35600E516DF /* Base */ = {isa = PBXFileReference; lastKnownFileType = file.storyboard; name = Base; path = Base.lproj/LaunchScreen.storyboard; sourceTree = "<group>"; };
		C2E8169D221AC35600E516DF /* Info.plist */ = {isa = PBXFileReference; lastKnownFileType = text.plist.xml; path = Info.plist; sourceTree = "<group>"; };
		C2E816A2221AC35600E516DF /* CountOnMeTests.xctest */ = {isa = PBXFileReference; explicitFileType = wrapper.cfbundle; includeInIndex = 0; path = CountOnMeTests.xctest; sourceTree = BUILT_PRODUCTS_DIR; };
		C2E816A6221AC35600E516DF /* CountOnMeTests.swift */ = {isa = PBXFileReference; lastKnownFileType = sourcecode.swift; path = CountOnMeTests.swift; sourceTree = "<group>"; };
		C2E816A8221AC35600E516DF /* Info.plist */ = {isa = PBXFileReference; lastKnownFileType = text.plist.xml; path = Info.plist; sourceTree = "<group>"; };
		C2E816AD221AC35600E516DF /* CountOnMeUITests.xctest */ = {isa = PBXFileReference; explicitFileType = wrapper.cfbundle; includeInIndex = 0; path = CountOnMeUITests.xctest; sourceTree = BUILT_PRODUCTS_DIR; };
		C2E816B1221AC35600E516DF /* CountOnMeUITests.swift */ = {isa = PBXFileReference; lastKnownFileType = sourcecode.swift; path = CountOnMeUITests.swift; sourceTree = "<group>"; };
		C2E816B3221AC35600E516DF /* Info.plist */ = {isa = PBXFileReference; lastKnownFileType = text.plist.xml; path = Info.plist; sourceTree = "<group>"; };
/* End PBXFileReference section */

/* Begin PBXFrameworksBuildPhase section */
		C2E8168B221AC35500E516DF /* Frameworks */ = {
			isa = PBXFrameworksBuildPhase;
			buildActionMask = 2147483647;
			files = (
			);
			runOnlyForDeploymentPostprocessing = 0;
		};
		C2E8169F221AC35600E516DF /* Frameworks */ = {
			isa = PBXFrameworksBuildPhase;
			buildActionMask = 2147483647;
			files = (
			);
			runOnlyForDeploymentPostprocessing = 0;
		};
		C2E816AA221AC35600E516DF /* Frameworks */ = {
			isa = PBXFrameworksBuildPhase;
			buildActionMask = 2147483647;
			files = (
			);
			runOnlyForDeploymentPostprocessing = 0;
		};
/* End PBXFrameworksBuildPhase section */

/* Begin PBXGroup section */
		C2431A1E222963A6004496E3 /* Model */ = {
			isa = PBXGroup;
			children = (
				C2431A21222966A7004496E3 /* Calculator.swift */,
				C285711D22AEF19D00BE321E /* CalculatorError.swift */,
				C285711F22AEF67300BE321E /* Operator.swift */,
			);
			path = Model;
			sourceTree = "<group>";
		};
		C2431A1F222963AE004496E3 /* View */ = {
			isa = PBXGroup;
			children = (
				C2E8169A221AC35600E516DF /* LaunchScreen.storyboard */,
				C2E81695221AC35500E516DF /* Main.storyboard */,
			);
			path = View;
			sourceTree = "<group>";
		};
		C2431A20222963B6004496E3 /* Controller */ = {
			isa = PBXGroup;
			children = (
				C2E81693221AC35500E516DF /* ViewController.swift */,
			);
			path = Controller;
			sourceTree = "<group>";
		};
		C2E81685221AC35500E516DF = {
			isa = PBXGroup;
			children = (
				C2E81690221AC35500E516DF /* CountOnMe */,
				C2E816A5221AC35600E516DF /* CountOnMeTests */,
				C2E816B0221AC35600E516DF /* CountOnMeUITests */,
				C2E8168F221AC35500E516DF /* Products */,
			);
			sourceTree = "<group>";
		};
		C2E8168F221AC35500E516DF /* Products */ = {
			isa = PBXGroup;
			children = (
				C2E8168E221AC35500E516DF /* CountOnMe.app */,
				C2E816A2221AC35600E516DF /* CountOnMeTests.xctest */,
				C2E816AD221AC35600E516DF /* CountOnMeUITests.xctest */,
			);
			name = Products;
			sourceTree = "<group>";
		};
		C2E81690221AC35500E516DF /* CountOnMe */ = {
			isa = PBXGroup;
			children = (
				C2431A1E222963A6004496E3 /* Model */,
				C2431A1F222963AE004496E3 /* View */,
				C2431A20222963B6004496E3 /* Controller */,
				C2E81691221AC35500E516DF /* AppDelegate.swift */,
				C2E81698221AC35600E516DF /* Assets.xcassets */,
				C2E8169D221AC35600E516DF /* Info.plist */,
			);
			path = CountOnMe;
			sourceTree = "<group>";
		};
		C2E816A5221AC35600E516DF /* CountOnMeTests */ = {
			isa = PBXGroup;
			children = (
				C2E816A6221AC35600E516DF /* CountOnMeTests.swift */,
				C2E816A8221AC35600E516DF /* Info.plist */,
			);
			path = CountOnMeTests;
			sourceTree = "<group>";
		};
		C2E816B0221AC35600E516DF /* CountOnMeUITests */ = {
			isa = PBXGroup;
			children = (
				C2E816B1221AC35600E516DF /* CountOnMeUITests.swift */,
				C2E816B3221AC35600E516DF /* Info.plist */,
			);
			path = CountOnMeUITests;
			sourceTree = "<group>";
		};
/* End PBXGroup section */

/* Begin PBXNativeTarget section */
		C2E8168D221AC35500E516DF /* CountOnMe */ = {
			isa = PBXNativeTarget;
			buildConfigurationList = C2E816B6221AC35600E516DF /* Build configuration list for PBXNativeTarget "CountOnMe" */;
			buildPhases = (
				C2E8168A221AC35500E516DF /* Sources */,
				C2E8168B221AC35500E516DF /* Frameworks */,
				C2E8168C221AC35500E516DF /* Resources */,
			);
			buildRules = (
			);
			dependencies = (
			);
			name = CountOnMe;
			productName = CountOnMe;
			productReference = C2E8168E221AC35500E516DF /* CountOnMe.app */;
			productType = "com.apple.product-type.application";
		};
		C2E816A1221AC35600E516DF /* CountOnMeTests */ = {
			isa = PBXNativeTarget;
			buildConfigurationList = C2E816B9221AC35600E516DF /* Build configuration list for PBXNativeTarget "CountOnMeTests" */;
			buildPhases = (
				C2E8169E221AC35600E516DF /* Sources */,
				C2E8169F221AC35600E516DF /* Frameworks */,
				C2E816A0221AC35600E516DF /* Resources */,
			);
			buildRules = (
			);
			dependencies = (
				C2E816A4221AC35600E516DF /* PBXTargetDependency */,
			);
			name = CountOnMeTests;
			productName = CountOnMeTests;
			productReference = C2E816A2221AC35600E516DF /* CountOnMeTests.xctest */;
			productType = "com.apple.product-type.bundle.unit-test";
		};
		C2E816AC221AC35600E516DF /* CountOnMeUITests */ = {
			isa = PBXNativeTarget;
			buildConfigurationList = C2E816BC221AC35600E516DF /* Build configuration list for PBXNativeTarget "CountOnMeUITests" */;
			buildPhases = (
				C2E816A9221AC35600E516DF /* Sources */,
				C2E816AA221AC35600E516DF /* Frameworks */,
				C2E816AB221AC35600E516DF /* Resources */,
			);
			buildRules = (
			);
			dependencies = (
				C2E816AF221AC35600E516DF /* PBXTargetDependency */,
			);
			name = CountOnMeUITests;
			productName = CountOnMeUITests;
			productReference = C2E816AD221AC35600E516DF /* CountOnMeUITests.xctest */;
			productType = "com.apple.product-type.bundle.ui-testing";
		};
/* End PBXNativeTarget section */

/* Begin PBXProject section */
		C2E81686221AC35500E516DF /* Project object */ = {
			isa = PBXProject;
			attributes = {
				LastSwiftUpdateCheck = 1010;
				LastUpgradeCheck = 1010;
				ORGANIZATIONNAME = "Cindy Perat";
				TargetAttributes = {
					C2E8168D221AC35500E516DF = {
						CreatedOnToolsVersion = 10.1;
					};
					C2E816A1221AC35600E516DF = {
						CreatedOnToolsVersion = 10.1;
						TestTargetID = C2E8168D221AC35500E516DF;
					};
					C2E816AC221AC35600E516DF = {
						CreatedOnToolsVersion = 10.1;
						TestTargetID = C2E8168D221AC35500E516DF;
					};
				};
			};
			buildConfigurationList = C2E81689221AC35500E516DF /* Build configuration list for PBXProject "CountOnMe" */;
			compatibilityVersion = "Xcode 9.3";
			developmentRegion = en;
			hasScannedForEncodings = 0;
			knownRegions = (
				en,
				Base,
			);
			mainGroup = C2E81685221AC35500E516DF;
			productRefGroup = C2E8168F221AC35500E516DF /* Products */;
			projectDirPath = "";
			projectRoot = "";
			targets = (
				C2E8168D221AC35500E516DF /* CountOnMe */,
				C2E816A1221AC35600E516DF /* CountOnMeTests */,
				C2E816AC221AC35600E516DF /* CountOnMeUITests */,
			);
		};
/* End PBXProject section */

/* Begin PBXResourcesBuildPhase section */
		C2E8168C221AC35500E516DF /* Resources */ = {
			isa = PBXResourcesBuildPhase;
			buildActionMask = 2147483647;
			files = (
				C2E8169C221AC35600E516DF /* LaunchScreen.storyboard in Resources */,
				C2E81699221AC35600E516DF /* Assets.xcassets in Resources */,
				C2E81697221AC35500E516DF /* Main.storyboard in Resources */,
			);
			runOnlyForDeploymentPostprocessing = 0;
		};
		C2E816A0221AC35600E516DF /* Resources */ = {
			isa = PBXResourcesBuildPhase;
			buildActionMask = 2147483647;
			files = (
			);
			runOnlyForDeploymentPostprocessing = 0;
		};
		C2E816AB221AC35600E516DF /* Resources */ = {
			isa = PBXResourcesBuildPhase;
			buildActionMask = 2147483647;
			files = (
			);
			runOnlyForDeploymentPostprocessing = 0;
		};
/* End PBXResourcesBuildPhase section */

/* Begin PBXSourcesBuildPhase section */
		C2E8168A221AC35500E516DF /* Sources */ = {
			isa = PBXSourcesBuildPhase;
			buildActionMask = 2147483647;
			files = (
				C285711E22AEF19D00BE321E /* CalculatorError.swift in Sources */,
				C2E81694221AC35500E516DF /* ViewController.swift in Sources */,
				C285712022AEF67300BE321E /* Operator.swift in Sources */,
				C2E81692221AC35500E516DF /* AppDelegate.swift in Sources */,
				C2431A22222966A7004496E3 /* Calculator.swift in Sources */,
			);
			runOnlyForDeploymentPostprocessing = 0;
		};
		C2E8169E221AC35600E516DF /* Sources */ = {
			isa = PBXSourcesBuildPhase;
			buildActionMask = 2147483647;
			files = (
				C2E816A7221AC35600E516DF /* CountOnMeTests.swift in Sources */,
			);
			runOnlyForDeploymentPostprocessing = 0;
		};
		C2E816A9221AC35600E516DF /* Sources */ = {
			isa = PBXSourcesBuildPhase;
			buildActionMask = 2147483647;
			files = (
				C2E816B2221AC35600E516DF /* CountOnMeUITests.swift in Sources */,
			);
			runOnlyForDeploymentPostprocessing = 0;
		};
/* End PBXSourcesBuildPhase section */

/* Begin PBXTargetDependency section */
		C2E816A4221AC35600E516DF /* PBXTargetDependency */ = {
			isa = PBXTargetDependency;
			target = C2E8168D221AC35500E516DF /* CountOnMe */;
			targetProxy = C2E816A3221AC35600E516DF /* PBXContainerItemProxy */;
		};
		C2E816AF221AC35600E516DF /* PBXTargetDependency */ = {
			isa = PBXTargetDependency;
			target = C2E8168D221AC35500E516DF /* CountOnMe */;
			targetProxy = C2E816AE221AC35600E516DF /* PBXContainerItemProxy */;
		};
/* End PBXTargetDependency section */

/* Begin PBXVariantGroup section */
		C2E81695221AC35500E516DF /* Main.storyboard */ = {
			isa = PBXVariantGroup;
			children = (
				C2E81696221AC35500E516DF /* Base */,
			);
			name = Main.storyboard;
			sourceTree = "<group>";
		};
		C2E8169A221AC35600E516DF /* LaunchScreen.storyboard */ = {
			isa = PBXVariantGroup;
			children = (
				C2E8169B221AC35600E516DF /* Base */,
			);
			name = LaunchScreen.storyboard;
			sourceTree = "<group>";
		};
/* End PBXVariantGroup section */

/* Begin XCBuildConfiguration section */
		C2E816B4221AC35600E516DF /* Debug */ = {
			isa = XCBuildConfiguration;
			buildSettings = {
				ALWAYS_SEARCH_USER_PATHS = NO;
				CLANG_ANALYZER_NONNULL = YES;
				CLANG_ANALYZER_NUMBER_OBJECT_CONVERSION = YES_AGGRESSIVE;
				CLANG_CXX_LANGUAGE_STANDARD = "gnu++14";
				CLANG_CXX_LIBRARY = "libc++";
				CLANG_ENABLE_MODULES = YES;
				CLANG_ENABLE_OBJC_ARC = YES;
				CLANG_ENABLE_OBJC_WEAK = YES;
				CLANG_WARN_BLOCK_CAPTURE_AUTORELEASING = YES;
				CLANG_WARN_BOOL_CONVERSION = YES;
				CLANG_WARN_COMMA = YES;
				CLANG_WARN_CONSTANT_CONVERSION = YES;
				CLANG_WARN_DEPRECATED_OBJC_IMPLEMENTATIONS = YES;
				CLANG_WARN_DIRECT_OBJC_ISA_USAGE = YES_ERROR;
				CLANG_WARN_DOCUMENTATION_COMMENTS = YES;
				CLANG_WARN_EMPTY_BODY = YES;
				CLANG_WARN_ENUM_CONVERSION = YES;
				CLANG_WARN_INFINITE_RECURSION = YES;
				CLANG_WARN_INT_CONVERSION = YES;
				CLANG_WARN_NON_LITERAL_NULL_CONVERSION = YES;
				CLANG_WARN_OBJC_IMPLICIT_RETAIN_SELF = YES;
				CLANG_WARN_OBJC_LITERAL_CONVERSION = YES;
				CLANG_WARN_OBJC_ROOT_CLASS = YES_ERROR;
				CLANG_WARN_RANGE_LOOP_ANALYSIS = YES;
				CLANG_WARN_STRICT_PROTOTYPES = YES;
				CLANG_WARN_SUSPICIOUS_MOVE = YES;
				CLANG_WARN_UNGUARDED_AVAILABILITY = YES_AGGRESSIVE;
				CLANG_WARN_UNREACHABLE_CODE = YES;
				CLANG_WARN__DUPLICATE_METHOD_MATCH = YES;
				CODE_SIGN_IDENTITY = "iPhone Developer";
				COPY_PHASE_STRIP = NO;
				DEBUG_INFORMATION_FORMAT = dwarf;
				ENABLE_STRICT_OBJC_MSGSEND = YES;
				ENABLE_TESTABILITY = YES;
				GCC_C_LANGUAGE_STANDARD = gnu11;
				GCC_DYNAMIC_NO_PIC = NO;
				GCC_NO_COMMON_BLOCKS = YES;
				GCC_OPTIMIZATION_LEVEL = 0;
				GCC_PREPROCESSOR_DEFINITIONS = (
					"DEBUG=1",
					"$(inherited)",
				);
				GCC_WARN_64_TO_32_BIT_CONVERSION = YES;
				GCC_WARN_ABOUT_RETURN_TYPE = YES_ERROR;
				GCC_WARN_UNDECLARED_SELECTOR = YES;
				GCC_WARN_UNINITIALIZED_AUTOS = YES_AGGRESSIVE;
				GCC_WARN_UNUSED_FUNCTION = YES;
				GCC_WARN_UNUSED_VARIABLE = YES;
				IPHONEOS_DEPLOYMENT_TARGET = 12.1;
				MTL_ENABLE_DEBUG_INFO = INCLUDE_SOURCE;
				MTL_FAST_MATH = YES;
				ONLY_ACTIVE_ARCH = YES;
				SDKROOT = iphoneos;
				SWIFT_ACTIVE_COMPILATION_CONDITIONS = DEBUG;
				SWIFT_OPTIMIZATION_LEVEL = "-Onone";
			};
			name = Debug;
		};
		C2E816B5221AC35600E516DF /* Release */ = {
			isa = XCBuildConfiguration;
			buildSettings = {
				ALWAYS_SEARCH_USER_PATHS = NO;
				CLANG_ANALYZER_NONNULL = YES;
				CLANG_ANALYZER_NUMBER_OBJECT_CONVERSION = YES_AGGRESSIVE;
				CLANG_CXX_LANGUAGE_STANDARD = "gnu++14";
				CLANG_CXX_LIBRARY = "libc++";
				CLANG_ENABLE_MODULES = YES;
				CLANG_ENABLE_OBJC_ARC = YES;
				CLANG_ENABLE_OBJC_WEAK = YES;
				CLANG_WARN_BLOCK_CAPTURE_AUTORELEASING = YES;
				CLANG_WARN_BOOL_CONVERSION = YES;
				CLANG_WARN_COMMA = YES;
				CLANG_WARN_CONSTANT_CONVERSION = YES;
				CLANG_WARN_DEPRECATED_OBJC_IMPLEMENTATIONS = YES;
				CLANG_WARN_DIRECT_OBJC_ISA_USAGE = YES_ERROR;
				CLANG_WARN_DOCUMENTATION_COMMENTS = YES;
				CLANG_WARN_EMPTY_BODY = YES;
				CLANG_WARN_ENUM_CONVERSION = YES;
				CLANG_WARN_INFINITE_RECURSION = YES;
				CLANG_WARN_INT_CONVERSION = YES;
				CLANG_WARN_NON_LITERAL_NULL_CONVERSION = YES;
				CLANG_WARN_OBJC_IMPLICIT_RETAIN_SELF = YES;
				CLANG_WARN_OBJC_LITERAL_CONVERSION = YES;
				CLANG_WARN_OBJC_ROOT_CLASS = YES_ERROR;
				CLANG_WARN_RANGE_LOOP_ANALYSIS = YES;
				CLANG_WARN_STRICT_PROTOTYPES = YES;
				CLANG_WARN_SUSPICIOUS_MOVE = YES;
				CLANG_WARN_UNGUARDED_AVAILABILITY = YES_AGGRESSIVE;
				CLANG_WARN_UNREACHABLE_CODE = YES;
				CLANG_WARN__DUPLICATE_METHOD_MATCH = YES;
				CODE_SIGN_IDENTITY = "iPhone Developer";
				COPY_PHASE_STRIP = NO;
				DEBUG_INFORMATION_FORMAT = "dwarf-with-dsym";
				ENABLE_NS_ASSERTIONS = NO;
				ENABLE_STRICT_OBJC_MSGSEND = YES;
				GCC_C_LANGUAGE_STANDARD = gnu11;
				GCC_NO_COMMON_BLOCKS = YES;
				GCC_WARN_64_TO_32_BIT_CONVERSION = YES;
				GCC_WARN_ABOUT_RETURN_TYPE = YES_ERROR;
				GCC_WARN_UNDECLARED_SELECTOR = YES;
				GCC_WARN_UNINITIALIZED_AUTOS = YES_AGGRESSIVE;
				GCC_WARN_UNUSED_FUNCTION = YES;
				GCC_WARN_UNUSED_VARIABLE = YES;
				IPHONEOS_DEPLOYMENT_TARGET = 12.1;
				MTL_ENABLE_DEBUG_INFO = NO;
				MTL_FAST_MATH = YES;
				SDKROOT = iphoneos;
				SWIFT_COMPILATION_MODE = wholemodule;
				SWIFT_OPTIMIZATION_LEVEL = "-O";
				VALIDATE_PRODUCT = YES;
			};
			name = Release;
		};
		C2E816B7221AC35600E516DF /* Debug */ = {
			isa = XCBuildConfiguration;
			buildSettings = {
				ASSETCATALOG_COMPILER_APPICON_NAME = AppIcon;
				CODE_SIGN_STYLE = Automatic;
				DEVELOPMENT_TEAM = T4629DAQKG;
				INFOPLIST_FILE = CountOnMe/Info.plist;
				LD_RUNPATH_SEARCH_PATHS = (
					"$(inherited)",
					"@executable_path/Frameworks",
				);
				PRODUCT_BUNDLE_IDENTIFIER = fr.cindyperat.CountOnMe;
				PRODUCT_NAME = "$(TARGET_NAME)";
				SWIFT_VERSION = 4.2;
				TARGETED_DEVICE_FAMILY = "1,2";
			};
			name = Debug;
		};
		C2E816B8221AC35600E516DF /* Release */ = {
			isa = XCBuildConfiguration;
			buildSettings = {
				ASSETCATALOG_COMPILER_APPICON_NAME = AppIcon;
				CODE_SIGN_STYLE = Automatic;
				DEVELOPMENT_TEAM = T4629DAQKG;
				INFOPLIST_FILE = CountOnMe/Info.plist;
				LD_RUNPATH_SEARCH_PATHS = (
					"$(inherited)",
					"@executable_path/Frameworks",
				);
				PRODUCT_BUNDLE_IDENTIFIER = fr.cindyperat.CountOnMe;
				PRODUCT_NAME = "$(TARGET_NAME)";
				SWIFT_VERSION = 4.2;
				TARGETED_DEVICE_FAMILY = "1,2";
			};
			name = Release;
		};
		C2E816BA221AC35600E516DF /* Debug */ = {
			isa = XCBuildConfiguration;
			buildSettings = {
				ALWAYS_EMBED_SWIFT_STANDARD_LIBRARIES = YES;
				BUNDLE_LOADER = "$(TEST_HOST)";
				CODE_SIGN_STYLE = Automatic;
				DEVELOPMENT_TEAM = T4629DAQKG;
				INFOPLIST_FILE = CountOnMeTests/Info.plist;
				LD_RUNPATH_SEARCH_PATHS = (
					"$(inherited)",
					"@executable_path/Frameworks",
					"@loader_path/Frameworks",
				);
				PRODUCT_BUNDLE_IDENTIFIER = fr.cindyperat.CountOnMeTests;
				PRODUCT_NAME = "$(TARGET_NAME)";
				SWIFT_VERSION = 4.2;
				TARGETED_DEVICE_FAMILY = "1,2";
				TEST_HOST = "$(BUILT_PRODUCTS_DIR)/CountOnMe.app/CountOnMe";
			};
			name = Debug;
		};
		C2E816BB221AC35600E516DF /* Release */ = {
			isa = XCBuildConfiguration;
			buildSettings = {
				ALWAYS_EMBED_SWIFT_STANDARD_LIBRARIES = YES;
				BUNDLE_LOADER = "$(TEST_HOST)";
				CODE_SIGN_STYLE = Automatic;
				DEVELOPMENT_TEAM = T4629DAQKG;
				INFOPLIST_FILE = CountOnMeTests/Info.plist;
				LD_RUNPATH_SEARCH_PATHS = (
					"$(inherited)",
					"@executable_path/Frameworks",
					"@loader_path/Frameworks",
				);
				PRODUCT_BUNDLE_IDENTIFIER = fr.cindyperat.CountOnMeTests;
				PRODUCT_NAME = "$(TARGET_NAME)";
				SWIFT_VERSION = 4.2;
				TARGETED_DEVICE_FAMILY = "1,2";
				TEST_HOST = "$(BUILT_PRODUCTS_DIR)/CountOnMe.app/CountOnMe";
			};
			name = Release;
		};
		C2E816BD221AC35600E516DF /* Debug */ = {
			isa = XCBuildConfiguration;
			buildSettings = {
				ALWAYS_EMBED_SWIFT_STANDARD_LIBRARIES = YES;
				CODE_SIGN_STYLE = Automatic;
				DEVELOPMENT_TEAM = T4629DAQKG;
				INFOPLIST_FILE = CountOnMeUITests/Info.plist;
				LD_RUNPATH_SEARCH_PATHS = (
					"$(inherited)",
					"@executable_path/Frameworks",
					"@loader_path/Frameworks",
				);
				PRODUCT_BUNDLE_IDENTIFIER = fr.cindyperat.CountOnMeUITests;
				PRODUCT_NAME = "$(TARGET_NAME)";
				SWIFT_VERSION = 4.2;
				TARGETED_DEVICE_FAMILY = "1,2";
				TEST_TARGET_NAME = CountOnMe;
			};
			name = Debug;
		};
		C2E816BE221AC35600E516DF /* Release */ = {
			isa = XCBuildConfiguration;
			buildSettings = {
				ALWAYS_EMBED_SWIFT_STANDARD_LIBRARIES = YES;
				CODE_SIGN_STYLE = Automatic;
				DEVELOPMENT_TEAM = T4629DAQKG;
				INFOPLIST_FILE = CountOnMeUITests/Info.plist;
				LD_RUNPATH_SEARCH_PATHS = (
					"$(inherited)",
					"@executable_path/Frameworks",
					"@loader_path/Frameworks",
				);
				PRODUCT_BUNDLE_IDENTIFIER = fr.cindyperat.CountOnMeUITests;
				PRODUCT_NAME = "$(TARGET_NAME)";
				SWIFT_VERSION = 4.2;
				TARGETED_DEVICE_FAMILY = "1,2";
				TEST_TARGET_NAME = CountOnMe;
			};
			name = Release;
		};
/* End XCBuildConfiguration section */

/* Begin XCConfigurationList section */
		C2E81689221AC35500E516DF /* Build configuration list for PBXProject "CountOnMe" */ = {
			isa = XCConfigurationList;
			buildConfigurations = (
				C2E816B4221AC35600E516DF /* Debug */,
				C2E816B5221AC35600E516DF /* Release */,
			);
			defaultConfigurationIsVisible = 0;
			defaultConfigurationName = Release;
		};
		C2E816B6221AC35600E516DF /* Build configuration list for PBXNativeTarget "CountOnMe" */ = {
			isa = XCConfigurationList;
			buildConfigurations = (
				C2E816B7221AC35600E516DF /* Debug */,
				C2E816B8221AC35600E516DF /* Release */,
			);
			defaultConfigurationIsVisible = 0;
			defaultConfigurationName = Release;
		};
		C2E816B9221AC35600E516DF /* Build configuration list for PBXNativeTarget "CountOnMeTests" */ = {
			isa = XCConfigurationList;
			buildConfigurations = (
				C2E816BA221AC35600E516DF /* Debug */,
				C2E816BB221AC35600E516DF /* Release */,
			);
			defaultConfigurationIsVisible = 0;
			defaultConfigurationName = Release;
		};
		C2E816BC221AC35600E516DF /* Build configuration list for PBXNativeTarget "CountOnMeUITests" */ = {
			isa = XCConfigurationList;
			buildConfigurations = (
				C2E816BD221AC35600E516DF /* Debug */,
				C2E816BE221AC35600E516DF /* Release */,
			);
			defaultConfigurationIsVisible = 0;
			defaultConfigurationName = Release;
		};
/* End XCConfigurationList section */
	};
	rootObject = C2E81686221AC35500E516DF /* Project object */;
}
